
Microsoft Visual Studio Solution File, Format Version 12.00
# Visual Studio Version 17
VisualStudioVersion = 17.11.35327.3
MinimumVisualStudioVersion = 10.0.40219.1
Project("{8BC9CEB8-8B4A-11D0-8D11-00A0C91BC942}") = "Projektowanie Oprogramowania", "Projektowanie Oprogramowania\Projektowanie Oprogramowania.vcxproj", "{AA8C7D6A-BFD3-455A-860B-277B1ACBD47B}"
EndProject
Global
	GlobalSection(SolutionConfigurationPlatforms) = preSolution
		Debug|x64 = Debug|x64
		Debug|x86 = Debug|x86
		Release|x64 = Release|x64
		Release|x86 = Release|x86
	EndGlobalSection
	GlobalSection(ProjectConfigurationPlatforms) = postSolution
		{AA8C7D6A-BFD3-455A-860B-277B1ACBD47B}.Debug|x64.ActiveCfg = Debug|x64
		{AA8C7D6A-BFD3-455A-860B-277B1ACBD47B}.Debug|x64.Build.0 = Debug|x64
		{AA8C7D6A-BFD3-455A-860B-277B1ACBD47B}.Debug|x86.ActiveCfg = Debug|Win32
		{AA8C7D6A-BFD3-455A-860B-277B1ACBD47B}.Debug|x86.Build.0 = Debug|Win32
		{AA8C7D6A-BFD3-455A-860B-277B1ACBD47B}.Release|x64.ActiveCfg = Release|x64
		{AA8C7D6A-BFD3-455A-860B-277B1ACBD47B}.Release|x64.Build.0 = Release|x64
		{AA8C7D6A-BFD3-455A-860B-277B1ACBD47B}.Release|x86.ActiveCfg = Release|Win32
		{AA8C7D6A-BFD3-455A-860B-277B1ACBD47B}.Release|x86.Build.0 = Release|Win32
	EndGlobalSection
	GlobalSection(SolutionProperties) = preSolution
		HideSolutionNode = FALSE
	EndGlobalSection
	GlobalSection(ExtensibilityGlobals) = postSolution
		SolutionGuid = {B2A6601D-B6E6-4C59-9E15-A8C3AEA5BCF5}
	EndGlobalSection
EndGlobal
